
Microsoft Visual Studio Solution File, Format Version 12.00
Project("{FAE04EC0-301F-11D3-BF4B-00C04F79EFBC}") = "Alexicon.App", "Alexicon.App\Alexicon.App.csproj", "{C171CF68-9838-40ED-9A5E-C33658B07746}"
EndProject
Project("{FAE04EC0-301F-11D3-BF4B-00C04F79EFBC}") = "Alexicon.API", "Alexicon.API\Alexicon.API.csproj", "{663B8A45-7DF7-46CA-8420-971CA340CCC9}"
EndProject
Project("{FAE04EC0-301F-11D3-BF4B-00C04F79EFBC}") = "Alexicon.API.Domain", "Alexicon.API.Domain\Alexicon.API.Domain.csproj", "{B21BB5E4-3A8B-4D14-B24D-9BAAF7D05025}"
EndProject
Project("{FAE04EC0-301F-11D3-BF4B-00C04F79EFBC}") = "Alexicon.API.SecondaryPorts", "Alexicon.API.SecondaryPorts\Alexicon.API.SecondaryPorts.csproj", "{7E3C9605-77C2-4D10-A1F5-F329075E6DB8}"
EndProject
Project("{FAE04EC0-301F-11D3-BF4B-00C04F79EFBC}") = "Alexicon.API.Infrastructure", "Alexicon.API.Infrastructure\Alexicon.API.Infrastructure.csproj", "{57D63DD1-6F78-45C7-8B21-E1073DF40FDB}"
EndProject
Project("{2150E333-8FDC-42A3-9474-1A3956D46DE8}") = "API", "API", "{0E115080-67A0-4B5D-B505-C29AACED264D}"
EndProject
Project("{FAE04EC0-301F-11D3-BF4B-00C04F79EFBC}") = "Alexicon.API.Tests", "Alexicon.API.Tests\Alexicon.API.Tests.csproj", "{3B70CC65-B323-4788-958B-C2526879D90B}"
EndProject
Project("{2150E333-8FDC-42A3-9474-1A3956D46DE8}") = "BlazorApp", "BlazorApp", "{9B2098C1-A6AB-4991-B387-50DC02F21175}"
EndProject
Project("{FAE04EC0-301F-11D3-BF4B-00C04F79EFBC}") = "Alexicon.App.Domain", "Alexicon.App.Domain\Alexicon.App.Domain.csproj", "{B4EE5E4F-9EE8-49A0-9232-7EEFFC0D9C31}"
EndProject
Project("{FAE04EC0-301F-11D3-BF4B-00C04F79EFBC}") = "Alexicon.App.SecondaryPorts", "Alexicon.App.SecondaryPorts\Alexicon.App.SecondaryPorts.csproj", "{4D8EE11C-224D-4B1B-BCB1-A325F8BB3D05}"
EndProject
Project("{FAE04EC0-301F-11D3-BF4B-00C04F79EFBC}") = "Alexicon.App.Infrastructure", "Alexicon.App.Infrastructure\Alexicon.App.Infrastructure.csproj", "{42E24A06-7E36-4AB3-BB41-6BC85320344E}"
EndProject
Project("{2150E333-8FDC-42A3-9474-1A3956D46DE8}") = "Shared", "Shared", "{B598DE17-EFF9-402E-A13C-F29F2F034F89}"
EndProject
Project("{FAE04EC0-301F-11D3-BF4B-00C04F79EFBC}") = "Alexicon.Extensions", "Alexicon.Extensions\Alexicon.Extensions.csproj", "{6D95228F-378D-4A3D-8DFF-DDB0DA160E32}"
EndProject
Global
	GlobalSection(SolutionConfigurationPlatforms) = preSolution
		Debug|Any CPU = Debug|Any CPU
		Release|Any CPU = Release|Any CPU
	EndGlobalSection
	GlobalSection(ProjectConfigurationPlatforms) = postSolution
		{C171CF68-9838-40ED-9A5E-C33658B07746}.Debug|Any CPU.ActiveCfg = Debug|Any CPU
		{C171CF68-9838-40ED-9A5E-C33658B07746}.Debug|Any CPU.Build.0 = Debug|Any CPU
		{C171CF68-9838-40ED-9A5E-C33658B07746}.Release|Any CPU.ActiveCfg = Release|Any CPU
		{C171CF68-9838-40ED-9A5E-C33658B07746}.Release|Any CPU.Build.0 = Release|Any CPU
		{663B8A45-7DF7-46CA-8420-971CA340CCC9}.Debug|Any CPU.ActiveCfg = Debug|Any CPU
		{663B8A45-7DF7-46CA-8420-971CA340CCC9}.Debug|Any CPU.Build.0 = Debug|Any CPU
		{663B8A45-7DF7-46CA-8420-971CA340CCC9}.Release|Any CPU.ActiveCfg = Release|Any CPU
		{663B8A45-7DF7-46CA-8420-971CA340CCC9}.Release|Any CPU.Build.0 = Release|Any CPU
		{B21BB5E4-3A8B-4D14-B24D-9BAAF7D05025}.Debug|Any CPU.ActiveCfg = Debug|Any CPU
		{B21BB5E4-3A8B-4D14-B24D-9BAAF7D05025}.Debug|Any CPU.Build.0 = Debug|Any CPU
		{B21BB5E4-3A8B-4D14-B24D-9BAAF7D05025}.Release|Any CPU.ActiveCfg = Release|Any CPU
		{B21BB5E4-3A8B-4D14-B24D-9BAAF7D05025}.Release|Any CPU.Build.0 = Release|Any CPU
		{7E3C9605-77C2-4D10-A1F5-F329075E6DB8}.Debug|Any CPU.ActiveCfg = Debug|Any CPU
		{7E3C9605-77C2-4D10-A1F5-F329075E6DB8}.Debug|Any CPU.Build.0 = Debug|Any CPU
		{7E3C9605-77C2-4D10-A1F5-F329075E6DB8}.Release|Any CPU.ActiveCfg = Release|Any CPU
		{7E3C9605-77C2-4D10-A1F5-F329075E6DB8}.Release|Any CPU.Build.0 = Release|Any CPU
		{57D63DD1-6F78-45C7-8B21-E1073DF40FDB}.Debug|Any CPU.ActiveCfg = Debug|Any CPU
		{57D63DD1-6F78-45C7-8B21-E1073DF40FDB}.Debug|Any CPU.Build.0 = Debug|Any CPU
		{57D63DD1-6F78-45C7-8B21-E1073DF40FDB}.Release|Any CPU.ActiveCfg = Release|Any CPU
		{57D63DD1-6F78-45C7-8B21-E1073DF40FDB}.Release|Any CPU.Build.0 = Release|Any CPU
		{3B70CC65-B323-4788-958B-C2526879D90B}.Debug|Any CPU.ActiveCfg = Debug|Any CPU
		{3B70CC65-B323-4788-958B-C2526879D90B}.Debug|Any CPU.Build.0 = Debug|Any CPU
		{3B70CC65-B323-4788-958B-C2526879D90B}.Release|Any CPU.ActiveCfg = Release|Any CPU
		{3B70CC65-B323-4788-958B-C2526879D90B}.Release|Any CPU.Build.0 = Release|Any CPU
		{B4EE5E4F-9EE8-49A0-9232-7EEFFC0D9C31}.Debug|Any CPU.ActiveCfg = Debug|Any CPU
		{B4EE5E4F-9EE8-49A0-9232-7EEFFC0D9C31}.Debug|Any CPU.Build.0 = Debug|Any CPU
		{B4EE5E4F-9EE8-49A0-9232-7EEFFC0D9C31}.Release|Any CPU.ActiveCfg = Release|Any CPU
		{B4EE5E4F-9EE8-49A0-9232-7EEFFC0D9C31}.Release|Any CPU.Build.0 = Release|Any CPU
		{4D8EE11C-224D-4B1B-BCB1-A325F8BB3D05}.Debug|Any CPU.ActiveCfg = Debug|Any CPU
		{4D8EE11C-224D-4B1B-BCB1-A325F8BB3D05}.Debug|Any CPU.Build.0 = Debug|Any CPU
		{4D8EE11C-224D-4B1B-BCB1-A325F8BB3D05}.Release|Any CPU.ActiveCfg = Release|Any CPU
		{4D8EE11C-224D-4B1B-BCB1-A325F8BB3D05}.Release|Any CPU.Build.0 = Release|Any CPU
		{42E24A06-7E36-4AB3-BB41-6BC85320344E}.Debug|Any CPU.ActiveCfg = Debug|Any CPU
		{42E24A06-7E36-4AB3-BB41-6BC85320344E}.Debug|Any CPU.Build.0 = Debug|Any CPU
		{42E24A06-7E36-4AB3-BB41-6BC85320344E}.Release|Any CPU.ActiveCfg = Release|Any CPU
		{42E24A06-7E36-4AB3-BB41-6BC85320344E}.Release|Any CPU.Build.0 = Release|Any CPU
		{6D95228F-378D-4A3D-8DFF-DDB0DA160E32}.Debug|Any CPU.ActiveCfg = Debug|Any CPU
		{6D95228F-378D-4A3D-8DFF-DDB0DA160E32}.Debug|Any CPU.Build.0 = Debug|Any CPU
		{6D95228F-378D-4A3D-8DFF-DDB0DA160E32}.Release|Any CPU.ActiveCfg = Release|Any CPU
		{6D95228F-378D-4A3D-8DFF-DDB0DA160E32}.Release|Any CPU.Build.0 = Release|Any CPU
	EndGlobalSection
	GlobalSection(NestedProjects) = preSolution
		{663B8A45-7DF7-46CA-8420-971CA340CCC9} = {0E115080-67A0-4B5D-B505-C29AACED264D}
		{B21BB5E4-3A8B-4D14-B24D-9BAAF7D05025} = {0E115080-67A0-4B5D-B505-C29AACED264D}
		{57D63DD1-6F78-45C7-8B21-E1073DF40FDB} = {0E115080-67A0-4B5D-B505-C29AACED264D}
		{7E3C9605-77C2-4D10-A1F5-F329075E6DB8} = {0E115080-67A0-4B5D-B505-C29AACED264D}
		{3B70CC65-B323-4788-958B-C2526879D90B} = {0E115080-67A0-4B5D-B505-C29AACED264D}
		{C171CF68-9838-40ED-9A5E-C33658B07746} = {9B2098C1-A6AB-4991-B387-50DC02F21175}
		{B4EE5E4F-9EE8-49A0-9232-7EEFFC0D9C31} = {9B2098C1-A6AB-4991-B387-50DC02F21175}
		{4D8EE11C-224D-4B1B-BCB1-A325F8BB3D05} = {9B2098C1-A6AB-4991-B387-50DC02F21175}
		{42E24A06-7E36-4AB3-BB41-6BC85320344E} = {9B2098C1-A6AB-4991-B387-50DC02F21175}
		{6D95228F-378D-4A3D-8DFF-DDB0DA160E32} = {B598DE17-EFF9-402E-A13C-F29F2F034F89}
	EndGlobalSection
EndGlobal
